
Microsoft Visual Studio Solution File, Format Version 12.00
# Visual Studio Version 17
VisualStudioVersion = 17.14.37328.6
MinimumVisualStudioVersion = 10.0.40219.1
Project("{FAE04EC0-301F-11D3-BF4B-00C04F79EFBC}") = "Gym G01.PL", "Gym G01.PL.csproj", "{A02CFA4D-1E61-40AE-AB5D-E9F8B93ABDF2}"
EndProject
Project("{FAE04EC0-301F-11D3-BF4B-00C04F79EFBC}") = "GymManagmemnt.BLL", "..\GymManagmemnt.BLL\GymManagmemnt.BLL.csproj", "{E445A10B-F2D8-4F5F-9F0E-9A95BFAA263C}"
EndProject
Project("{FAE04EC0-301F-11D3-BF4B-00C04F79EFBC}") = "GymManagment.DAL", "..\GymManagment.DAL\GymManagment.DAL.csproj", "{743D0214-97FD-484F-B1B8-C9049AFE9BA5}"
EndProject
Global
	GlobalSection(SolutionConfigurationPlatforms) = preSolution
		Debug|Any CPU = Debug|Any CPU
		Release|Any CPU = Release|Any CPU
	EndGlobalSection
	GlobalSection(ProjectConfigurationPlatforms) = postSolution
		{A02CFA4D-1E61-40AE-AB5D-E9F8B93ABDF2}.Debug|Any CPU.ActiveCfg = Debug|Any CPU
		{A02CFA4D-1E61-40AE-AB5D-E9F8B93ABDF2}.Debug|Any CPU.Build.0 = Debug|Any CPU
		{A02CFA4D-1E61-40AE-AB5D-E9F8B93ABDF2}.Release|Any CPU.ActiveCfg = Release|Any CPU
		{A02CFA4D-1E61-40AE-AB5D-E9F8B93ABDF2}.Release|Any CPU.Build.0 = Release|Any CPU
		{E445A10B-F2D8-4F5F-9F0E-9A95BFAA263C}.Debug|Any CPU.ActiveCfg = Debug|Any CPU
		{E445A10B-F2D8-4F5F-9F0E-9A95BFAA263C}.Debug|Any CPU.Build.0 = Debug|Any CPU
		{E445A10B-F2D8-4F5F-9F0E-9A95BFAA263C}.Release|Any CPU.ActiveCfg = Release|Any CPU
		{E445A10B-F2D8-4F5F-9F0E-9A95BFAA263C}.Release|Any CPU.Build.0 = Release|Any CPU
		{743D0214-97FD-484F-B1B8-C9049AFE9BA5}.Debug|Any CPU.ActiveCfg = Debug|Any CPU
		{743D0214-97FD-484F-B1B8-C9049AFE9BA5}.Debug|Any CPU.Build.0 = Debug|Any CPU
		{743D0214-97FD-484F-B1B8-C9049AFE9BA5}.Release|Any CPU.ActiveCfg = Release|Any CPU
		{743D0214-97FD-484F-B1B8-C9049AFE9BA5}.Release|Any CPU.Build.0 = Release|Any CPU
	EndGlobalSection
	GlobalSection(SolutionProperties) = preSolution
		HideSolutionNode = FALSE
	EndGlobalSection
	GlobalSection(ExtensibilityGlobals) = postSolution
		SolutionGuid = {352B367E-65A9-4DD6-9EE6-A3AD58057EF0}
	EndGlobalSection
EndGlobal
